// !$*UTF8*$!
{
	archiveVersion = 1;
	classes = {
	};
	objectVersion = 46;
	objects = {

/* Begin PBXBuildFile section */
		6459846C1F25D85700405D1B /* main.m in Sources */ = {isa = PBXBuildFile; fileRef = 6459846B1F25D85700405D1B /* main.m */; };
		6459846F1F25D85700405D1B /* AppDelegate.m in Sources */ = {isa = PBXBuildFile; fileRef = 6459846E1F25D85700405D1B /* AppDelegate.m */; };
		645984721F25D85700405D1B /* ViewController.m in Sources */ = {isa = PBXBuildFile; fileRef = 645984711F25D85700405D1B /* ViewController.m */; };
		645984751F25D85700405D1B /* Main.storyboard in Resources */ = {isa = PBXBuildFile; fileRef = 645984731F25D85700405D1B /* Main.storyboard */; };
		645984771F25D85700405D1B /* Assets.xcassets in Resources */ = {isa = PBXBuildFile; fileRef = 645984761F25D85700405D1B /* Assets.xcassets */; };
		6459847A1F25D85700405D1B /* LaunchScreen.storyboard in Resources */ = {isa = PBXBuildFile; fileRef = 645984781F25D85700405D1B /* LaunchScreen.storyboard */; };
/* End PBXBuildFile section */

/* Begin PBXFileReference section */
		645984671F25D85700405D1B /* THDropListDemo.app */ = {isa = PBXFileReference; explicitFileType = wrapper.application; includeInIndex = 0; path = THDropListDemo.app; sourceTree = BUILT_PRODUCTS_DIR; };
		6459846B1F25D85700405D1B /* main.m */ = {isa = PBXFileReference; lastKnownFileType = sourcecode.c.objc; path = main.m; sourceTree = "<group>"; };
		6459846D1F25D85700405D1B /* AppDelegate.h */ = {isa = PBXFileReference; lastKnownFileType = sourcecode.c.h; path = AppDelegate.h; sourceTree = "<group>"; };
		6459846E1F25D85700405D1B /* AppDelegate.m */ = {isa = PBXFileReference; lastKnownFileType = sourcecode.c.objc; path = AppDelegate.m; sourceTree = "<group>"; };
		645984701F25D85700405D1B /* ViewController.h */ = {isa = PBXFileReference; lastKnownFileType = sourcecode.c.h; path = ViewController.h; sourceTree = "<group>"; };
		645984711F25D85700405D1B /* ViewController.m */ = {isa = PBXFileReference; lastKnownFileType = sourcecode.c.objc; path = ViewController.m; sourceTree = "<group>"; };
		645984741F25D85700405D1B /* Base */ = {isa = PBXFileReference; lastKnownFileType = file.storyboard; name = Base; path = Base.lproj/Main.storyboard; sourceTree = "<group>"; };
		645984761F25D85700405D1B /* Assets.xcassets */ = {isa = PBXFileReference; lastKnownFileType = folder.assetcatalog; path = Assets.xcassets; sourceTree = "<group>"; };
		645984791F25D85700405D1B /* Base */ = {isa = PBXFileReference; lastKnownFileType = file.storyboard; name = Base; path = Base.lproj/LaunchScreen.storyboard; sourceTree = "<group>"; };
		6459847B1F25D85700405D1B /* Info.plist */ = {isa = PBXFileReference; lastKnownFileType = text.plist.xml; path = Info.plist; sourceTree = "<group>"; };
/* End PBXFileReference section */

/* Begin PBXFrameworksBuildPhase section */
		645984641F25D85700405D1B /* Frameworks */ = {
			isa = PBXFrameworksBuildPhase;
			buildActionMask = 2147483647;
			files = (
			);
			runOnlyForDeploymentPostprocessing = 0;
		};
/* End PBXFrameworksBuildPhase section */

/* Begin PBXGroup section */
		6459845E1F25D85700405D1B = {
			isa = PBXGroup;
			children = (
				645984691F25D85700405D1B /* THDropListDemo */,
				645984681F25D85700405D1B /* Products */,
			);
			sourceTree = "<group>";
		};
		645984681F25D85700405D1B /* Products */ = {
			isa = PBXGroup;
			children = (
				645984671F25D85700405D1B /* THDropListDemo.app */,
			);
			name = Products;
			sourceTree = "<group>";
		};
		645984691F25D85700405D1B /* THDropListDemo */ = {
			isa = PBXGroup;
			children = (
				6459846D1F25D85700405D1B /* AppDelegate.h */,
				6459846E1F25D85700405D1B /* AppDelegate.m */,
				645984701F25D85700405D1B /* ViewController.h */,
				645984711F25D85700405D1B /* ViewController.m */,
				645984731F25D85700405D1B /* Main.storyboard */,
				645984761F25D85700405D1B /* Assets.xcassets */,
				645984781F25D85700405D1B /* LaunchScreen.storyboard */,
				6459847B1F25D85700405D1B /* Info.plist */,
				6459846A1F25D85700405D1B /* Supporting Files */,
			);
			path = THDropListDemo;
			sourceTree = "<group>";
		};
		6459846A1F25D85700405D1B /* Supporting Files */ = {
			isa = PBXGroup;
			children = (
				6459846B1F25D85700405D1B /* main.m */,
			);
			name = "Supporting Files";
			sourceTree = "<group>";
		};
/* End PBXGroup section */

/* Begin PBXNativeTarget section */
		645984661F25D85700405D1B /* THDropListDemo */ = {
			isa = PBXNativeTarget;
			buildConfigurationList = 6459847E1F25D85700405D1B /* Build configuration list for PBXNativeTarget "THDropListDemo" */;
			buildPhases = (
				645984631F25D85700405D1B /* Sources */,
				645984641F25D85700405D1B /* Frameworks */,
				645984651F25D85700405D1B /* Resources */,
			);
			buildRules = (
			);
			dependencies = (
			);
			name = THDropListDemo;
			productName = THDropListDemo;
			productReference = 645984671F25D85700405D1B /* THDropListDemo.app */;
			productType = "com.apple.product-type.application";
		};
/* End PBXNativeTarget section */

/* Begin PBXProject section */
		6459845F1F25D85700405D1B /* Project object */ = {
			isa = PBXProject;
			attributes = {
				LastUpgradeCheck = 0830;
				ORGANIZATIONNAME = eddy;
				TargetAttributes = {
					645984661F25D85700405D1B = {
						CreatedOnToolsVersion = 8.3.3;
						DevelopmentTeam = 3F26E5NA27;
						ProvisioningStyle = Automatic;
					};
				};
			};
			buildConfigurationList = 645984621F25D85700405D1B /* Build configuration list for PBXProject "THDropListDemo" */;
			compatibilityVersion = "Xcode 3.2";
			developmentRegion = English;
			hasScannedForEncodings = 0;
			knownRegions = (
				en,
				Base,
			);
			mainGroup = 6459845E1F25D85700405D1B;
			productRefGroup = 645984681F25D85700405D1B /* Products */;
			projectDirPath = "";
			projectRoot = "";
			targets = (
				645984661F25D85700405D1B /* THDropListDemo */,
			);
		};
/* End PBXProject section */

/* Begin PBXResourcesBuildPhase section */
		645984651F25D85700405D1B /* Resources */ = {
			isa = PBXResourcesBuildPhase;
			buildActionMask = 2147483647;
			files = (
				6459847A1F25D85700405D1B /* LaunchScreen.storyboard in Resources */,
				645984771F25D85700405D1B /* Assets.xcassets in Resources */,
				645984751F25D85700405D1B /* Main.storyboard in Resources */,
			);
			runOnlyForDeploymentPostprocessing = 0;
		};
/* End PBXResourcesBuildPhase section */

/* Begin PBXSourcesBuildPhase section */
		645984631F25D85700405D1B /* Sources */ = {
			isa = PBXSourcesBuildPhase;
			buildActionMask = 2147483647;
			files = (
				645984721F25D85700405D1B /* ViewController.m in Sources */,
				6459846F1F25D85700405D1B /* AppDelegate.m in Sources */,
				6459846C1F25D85700405D1B /* main.m in Sources */,
			);
			runOnlyForDeploymentPostprocessing = 0;
		};
/* End PBXSourcesBuildPhase section */

/* Begin PBXVariantGroup section */
		645984731F25D85700405D1B /* Main.storyboard */ = {
			isa = PBXVariantGroup;
			children = (
				645984741F25D85700405D1B /* Base */,
			);
			name = Main.storyboard;
			sourceTree = "<group>";
		};
		645984781F25D85700405D1B /* LaunchScreen.storyboard */ = {
			isa = PBXVariantGroup;
			children = (
				645984791F25D85700405D1B /* Base */,
			);
			name = LaunchScreen.storyboard;
			sourceTree = "<group>";
		};
/* End PBXVariantGroup section */

/* Begin XCBuildConfiguration section */
		6459847C1F25D85700405D1B /* Debug */ = {
			isa = XCBuildConfiguration;
			buildSettings = {
				ALWAYS_SEARCH_USER_PATHS = NO;
				CLANG_ANALYZER_NONNULL = YES;
				CLANG_ANALYZER_NUMBER_OBJECT_CONVERSION = YES_AGGRESSIVE;
				CLANG_CXX_LANGUAGE_STANDARD = "gnu++0x";
				CLANG_CXX_LIBRARY = "libc++";
				CLANG_ENABLE_MODULES = YES;
				CLANG_ENABLE_OBJC_ARC = YES;
				CLANG_WARN_BOOL_CONVERSION = YES;
				CLANG_WARN_CONSTANT_CONVERSION = YES;
				CLANG_WARN_DIRECT_OBJC_ISA_USAGE = YES_ERROR;
				CLANG_WARN_DOCUMENTATION_COMMENTS = YES;
				CLANG_WARN_EMPTY_BODY = YES;
				CLANG_WARN_ENUM_CONVERSION = YES;
				CLANG_WARN_INFINITE_RECURSION = YES;
				CLANG_WARN_INT_CONVERSION = YES;
				CLANG_WARN_OBJC_ROOT_CLASS = YES_ERROR;
				CLANG_WARN_SUSPICIOUS_MOVE = YES;
				CLANG_WARN_UNREACHABLE_CODE = YES;
				CLANG_WARN__DUPLICATE_METHOD_MATCH = YES;
				"CODE_SIGN_IDENTITY[sdk=iphoneos*]" = "iPhone Developer";
				COPY_PHASE_STRIP = NO;
				DEBUG_INFORMATION_FORMAT = dwarf;
				ENABLE_STRICT_OBJC_MSGSEND = YES;
				ENABLE_TESTABILITY = YES;
				GCC_C_LANGUAGE_STANDARD = gnu99;
				GCC_DYNAMIC_NO_PIC = NO;
				GCC_NO_COMMON_BLOCKS = YES;
				GCC_OPTIMIZATION_LEVEL = 0;
				GCC_PREPROCESSOR_DEFINITIONS = (
					"DEBUG=1",
					"$(inherited)",
				);
				GCC_WARN_64_TO_32_BIT_CONVERSION = YES;
				GCC_WARN_ABOUT_RETURN_TYPE = YES_ERROR;
				GCC_WARN_UNDECLARED_SELECTOR = YES;
				GCC_WARN_UNINITIALIZED_AUTOS = YES_AGGRESSIVE;
				GCC_WARN_UNUSED_FUNCTION = YES;
				GCC_WARN_UNUSED_VARIABLE = YES;
				IPHONEOS_DEPLOYMENT_TARGET = 10.3;
				MTL_ENABLE_DEBUG_INFO = YES;
				ONLY_ACTIVE_ARCH = YES;
				SDKROOT = iphoneos;
			};
			name = Debug;
		};
		6459847D1F25D85700405D1B /* Release */ = {
			isa = XCBuildConfiguration;
			buildSettings = {
				ALWAYS_SEARCH_USER_PATHS = NO;
				CLANG_ANALYZER_NONNULL = YES;
				CLANG_ANALYZER_NUMBER_OBJECT_CONVERSION = YES_AGGRESSIVE;
				CLANG_CXX_LANGUAGE_STANDARD = "gnu++0x";
				CLANG_CXX_LIBRARY = "libc++";
				CLANG_ENABLE_MODULES = YES;
				CLANG_ENABLE_OBJC_ARC = YES;
				CLANG_WARN_BOOL_CONVERSION = YES;
				CLANG_WARN_CONSTANT_CONVERSION = YES;
				CLANG_WARN_DIRECT_OBJC_ISA_USAGE = YES_ERROR;
				CLANG_WARN_DOCUMENTATION_COMMENTS = YES;
				CLANG_WARN_EMPTY_BODY = YES;
				CLANG_WARN_ENUM_CONVERSION = YES;
				CLANG_WARN_INFINITE_RECURSION = YES;
				CLANG_WARN_INT_CONVERSION = YES;
				CLANG_WARN_OBJC_ROOT_CLASS = YES_ERROR;
				CLANG_WARN_SUSPICIOUS_MOVE = YES;
				CLANG_WARN_UNREACHABLE_CODE = YES;
				CLANG_WARN__DUPLICATE_METHOD_MATCH = YES;
				"CODE_SIGN_IDENTITY[sdk=iphoneos*]" = "iPhone Developer";
				COPY_PHASE_STRIP = NO;
				DEBUG_INFORMATION_FORMAT = "dwarf-with-dsym";
				ENABLE_NS_ASSERTIONS = NO;
				ENABLE_STRICT_OBJC_MSGSEND = YES;
				GCC_C_LANGUAGE_STANDARD = gnu99;
				GCC_NO_COMMON_BLOCKS = YES;
				GCC_WARN_64_TO_32_BIT_CONVERSION = YES;
				GCC_WARN_ABOUT_RETURN_TYPE = YES_ERROR;
				GCC_WARN_UNDECLARED_SELECTOR = YES;
				GCC_WARN_UNINITIALIZED_AUTOS = YES_AGGRESSIVE;
				GCC_WARN_UNUSED_FUNCTION = YES;
				GCC_WARN_UNUSED_VARIABLE = YES;
				IPHONEOS_DEPLOYMENT_TARGET = 10.3;
				MTL_ENABLE_DEBUG_INFO = NO;
				SDKROOT = iphoneos;
				VALIDATE_PRODUCT = YES;
			};
			name = Release;
		};
		6459847F1F25D85700405D1B /* Debug */ = {
			isa = XCBuildConfiguration;
			buildSettings = {
				ASSETCATALOG_COMPILER_APPICON_NAME = AppIcon;
				DEVELOPMENT_TEAM = 3F26E5NA27;
				INFOPLIST_FILE = THDropListDemo/Info.plist;
				LD_RUNPATH_SEARCH_PATHS = "$(inherited) @executable_path/Frameworks";
				PRODUCT_BUNDLE_IDENTIFIER = com.kuangchi.THDropListDemo;
				PRODUCT_NAME = "$(TARGET_NAME)";
			};
			name = Debug;
		};
		645984801F25D85700405D1B /* Release */ = {
			isa = XCBuildConfiguration;
			buildSettings = {
				ASSETCATALOG_COMPILER_APPICON_NAME = AppIcon;
				DEVELOPMENT_TEAM = 3F26E5NA27;
				INFOPLIST_FILE = THDropListDemo/Info.plist;
				LD_RUNPATH_SEARCH_PATHS = "$(inherited) @executable_path/Frameworks";
				PRODUCT_BUNDLE_IDENTIFIER = com.kuangchi.THDropListDemo;
				PRODUCT_NAME = "$(TARGET_NAME)";
			};
			name = Release;
		};
/* End XCBuildConfiguration section */

/* Begin XCConfigurationList section */
		645984621F25D85700405D1B /* Build configuration list for PBXProject "THDropListDemo" */ = {
			isa = XCConfigurationList;
			buildConfigurations = (
				6459847C1F25D85700405D1B /* Debug */,
				6459847D1F25D85700405D1B /* Release */,
			);
			defaultConfigurationIsVisible = 0;
			defaultConfigurationName = Release;
		};
		6459847E1F25D85700405D1B /* Build configuration list for PBXNativeTarget "THDropListDemo" */ = {
			isa = XCConfigurationList;
			buildConfigurations = (
				6459847F1F25D85700405D1B /* Debug */,
				645984801F25D85700405D1B /* Release */,
			);
			defaultConfigurationIsVisible = 0;
		};
/* End XCConfigurationList section */
	};
	rootObject = 6459845F1F25D85700405D1B /* Project object */;
}
